
Microsoft Visual Studio Solution File, Format Version 12.00
# Visual Studio Version 17
VisualStudioVersion = 17.5.33530.505
MinimumVisualStudioVersion = 10.0.40219.1
Project("{FAE04EC0-301F-11D3-BF4B-00C04F79EFBC}") = "dz9", "dz9\dz9.csproj", "{8A028075-7AC0-4898-B9F4-98FABF387546}"
EndProject
Global
	GlobalSection(SolutionConfigurationPlatforms) = preSolution
		Debug|Any CPU = Debug|Any CPU
		Release|Any CPU = Release|Any CPU
	EndGlobalSection
	GlobalSection(ProjectConfigurationPlatforms) = postSolution
		{8A028075-7AC0-4898-B9F4-98FABF387546}.Debug|Any CPU.ActiveCfg = Debug|Any CPU
		{8A028075-7AC0-4898-B9F4-98FABF387546}.Debug|Any CPU.Build.0 = Debug|Any CPU
		{8A028075-7AC0-4898-B9F4-98FABF387546}.Release|Any CPU.ActiveCfg = Release|Any CPU
		{8A028075-7AC0-4898-B9F4-98FABF387546}.Release|Any CPU.Build.0 = Release|Any CPU
	EndGlobalSection
	GlobalSection(SolutionProperties) = preSolution
		HideSolutionNode = FALSE
	EndGlobalSection
	GlobalSection(ExtensibilityGlobals) = postSolution
		SolutionGuid = {5F4FE646-1C66-4970-8CF5-C1859184DA78}
	EndGlobalSection
EndGlobal
